// !$*UTF8*$!
{
	archiveVersion = 1;
	classes = {
	};
	objectVersion = 50;
	objects = {

/* Begin PBXBuildFile section */
		1CD33CDFCCB4F8CF07BFDECE /* Pods_FinanceStory.framework in Frameworks */ = {isa = PBXBuildFile; fileRef = D5C5BCF0069DC387990FC51F /* Pods_FinanceStory.framework */; };
		C22082D42557F8AD007A6466 /* MenuCell.swift in Sources */ = {isa = PBXBuildFile; fileRef = C22082D32557F8AD007A6466 /* MenuCell.swift */; };
		C23565B225544FF800A58614 /* AppDelegate.swift in Sources */ = {isa = PBXBuildFile; fileRef = C23565B125544FF800A58614 /* AppDelegate.swift */; };
		C23565B425544FF800A58614 /* SceneDelegate.swift in Sources */ = {isa = PBXBuildFile; fileRef = C23565B325544FF800A58614 /* SceneDelegate.swift */; };
		C23565B925544FF800A58614 /* Main.storyboard in Resources */ = {isa = PBXBuildFile; fileRef = C23565B725544FF800A58614 /* Main.storyboard */; };
		C23565BB25544FF900A58614 /* Assets.xcassets in Resources */ = {isa = PBXBuildFile; fileRef = C23565BA25544FF900A58614 /* Assets.xcassets */; };
		C23565BE25544FF900A58614 /* LaunchScreen.storyboard in Resources */ = {isa = PBXBuildFile; fileRef = C23565BC25544FF900A58614 /* LaunchScreen.storyboard */; };
		C274C2452558249C00B23656 /* RealmModel.swift in Sources */ = {isa = PBXBuildFile; fileRef = C274C2442558249C00B23656 /* RealmModel.swift */; };
		C274C2482558271100B23656 /* RealmManager.swift in Sources */ = {isa = PBXBuildFile; fileRef = C274C2472558271100B23656 /* RealmManager.swift */; };
		C28CA4692558177E00ACBA7E /* NSUIColor+Hex.swift in Sources */ = {isa = PBXBuildFile; fileRef = C28CA4682558177E00ACBA7E /* NSUIColor+Hex.swift */; };
		C2AB1B052556B59D0042D582 /* MenuViewController.swift in Sources */ = {isa = PBXBuildFile; fileRef = C2AB1B042556B59D0042D582 /* MenuViewController.swift */; };
/* End PBXBuildFile section */

/* Begin PBXFileReference section */
		0FA080F080F46829E67692EC /* Pods-FinanceStory.release.xcconfig */ = {isa = PBXFileReference; includeInIndex = 1; lastKnownFileType = text.xcconfig; name = "Pods-FinanceStory.release.xcconfig"; path = "Pods/Target Support Files/Pods-FinanceStory/Pods-FinanceStory.release.xcconfig"; sourceTree = "<group>"; };
		4B065A3BCBBC47B3E1781031 /* Pods-FinanceStory.debug.xcconfig */ = {isa = PBXFileReference; includeInIndex = 1; lastKnownFileType = text.xcconfig; name = "Pods-FinanceStory.debug.xcconfig"; path = "Pods/Target Support Files/Pods-FinanceStory/Pods-FinanceStory.debug.xcconfig"; sourceTree = "<group>"; };
		C22082D32557F8AD007A6466 /* MenuCell.swift */ = {isa = PBXFileReference; lastKnownFileType = sourcecode.swift; path = MenuCell.swift; sourceTree = "<group>"; };
		C23565AE25544FF800A58614 /* FinanceStory.app */ = {isa = PBXFileReference; explicitFileType = wrapper.application; includeInIndex = 0; path = FinanceStory.app; sourceTree = BUILT_PRODUCTS_DIR; };
		C23565B125544FF800A58614 /* AppDelegate.swift */ = {isa = PBXFileReference; lastKnownFileType = sourcecode.swift; path = AppDelegate.swift; sourceTree = "<group>"; };
		C23565B325544FF800A58614 /* SceneDelegate.swift */ = {isa = PBXFileReference; lastKnownFileType = sourcecode.swift; path = SceneDelegate.swift; sourceTree = "<group>"; };
		C23565B825544FF800A58614 /* Base */ = {isa = PBXFileReference; lastKnownFileType = file.storyboard; name = Base; path = Base.lproj/Main.storyboard; sourceTree = "<group>"; };
		C23565BA25544FF900A58614 /* Assets.xcassets */ = {isa = PBXFileReference; lastKnownFileType = folder.assetcatalog; path = Assets.xcassets; sourceTree = "<group>"; };
		C23565BD25544FF900A58614 /* Base */ = {isa = PBXFileReference; lastKnownFileType = file.storyboard; name = Base; path = Base.lproj/LaunchScreen.storyboard; sourceTree = "<group>"; };
		C23565BF25544FF900A58614 /* Info.plist */ = {isa = PBXFileReference; lastKnownFileType = text.plist.xml; path = Info.plist; sourceTree = "<group>"; };
		C274C2442558249C00B23656 /* RealmModel.swift */ = {isa = PBXFileReference; lastKnownFileType = sourcecode.swift; path = RealmModel.swift; sourceTree = "<group>"; };
		C274C2472558271100B23656 /* RealmManager.swift */ = {isa = PBXFileReference; lastKnownFileType = sourcecode.swift; path = RealmManager.swift; sourceTree = "<group>"; };
		C28CA4682558177E00ACBA7E /* NSUIColor+Hex.swift */ = {isa = PBXFileReference; lastKnownFileType = sourcecode.swift; path = "NSUIColor+Hex.swift"; sourceTree = "<group>"; };
		C2AB1B042556B59D0042D582 /* MenuViewController.swift */ = {isa = PBXFileReference; lastKnownFileType = sourcecode.swift; path = MenuViewController.swift; sourceTree = "<group>"; };
		D5C5BCF0069DC387990FC51F /* Pods_FinanceStory.framework */ = {isa = PBXFileReference; explicitFileType = wrapper.framework; includeInIndex = 0; path = Pods_FinanceStory.framework; sourceTree = BUILT_PRODUCTS_DIR; };
/* End PBXFileReference section */

/* Begin PBXFrameworksBuildPhase section */
		C23565AB25544FF800A58614 /* Frameworks */ = {
			isa = PBXFrameworksBuildPhase;
			buildActionMask = 2147483647;
			files = (
				1CD33CDFCCB4F8CF07BFDECE /* Pods_FinanceStory.framework in Frameworks */,
			);
			runOnlyForDeploymentPostprocessing = 0;
		};
/* End PBXFrameworksBuildPhase section */

/* Begin PBXGroup section */
		2A413B847F23A76CA102AE0D /* Pods */ = {
			isa = PBXGroup;
			children = (
				4B065A3BCBBC47B3E1781031 /* Pods-FinanceStory.debug.xcconfig */,
				0FA080F080F46829E67692EC /* Pods-FinanceStory.release.xcconfig */,
			);
			name = Pods;
			sourceTree = "<group>";
		};
		A27E738C90F2D2D1B4A4F2A7 /* Frameworks */ = {
			isa = PBXGroup;
			children = (
				D5C5BCF0069DC387990FC51F /* Pods_FinanceStory.framework */,
			);
			name = Frameworks;
			sourceTree = "<group>";
		};
		C21B9D46255823B5001DB770 /* Model */ = {
			isa = PBXGroup;
			children = (
				C274C2442558249C00B23656 /* RealmModel.swift */,
				C274C2472558271100B23656 /* RealmManager.swift */,
			);
			path = Model;
			sourceTree = "<group>";
		};
		C21B9D47255823BC001DB770 /* VIew */ = {
			isa = PBXGroup;
			children = (
				C23565B725544FF800A58614 /* Main.storyboard */,
				C23565BC25544FF900A58614 /* LaunchScreen.storyboard */,
			);
			path = VIew;
			sourceTree = "<group>";
		};
		C21B9D48255823C2001DB770 /* Controller */ = {
			isa = PBXGroup;
			children = (
				C2AB1B042556B59D0042D582 /* MenuViewController.swift */,
				C22082D32557F8AD007A6466 /* MenuCell.swift */,
			);
			path = Controller;
			sourceTree = "<group>";
		};
		C21B9D49255823CD001DB770 /* Supporting files */ = {
			isa = PBXGroup;
			children = (
				C23565BA25544FF900A58614 /* Assets.xcassets */,
				C23565BF25544FF900A58614 /* Info.plist */,
			);
			path = "Supporting files";
			sourceTree = "<group>";
		};
		C21B9D4A25582413001DB770 /* Extensions */ = {
			isa = PBXGroup;
			children = (
				C28CA4682558177E00ACBA7E /* NSUIColor+Hex.swift */,
			);
			path = Extensions;
			sourceTree = "<group>";
		};
		C23565A525544FF800A58614 = {
			isa = PBXGroup;
			children = (
				C23565B025544FF800A58614 /* FinanceStory */,
				C23565AF25544FF800A58614 /* Products */,
				2A413B847F23A76CA102AE0D /* Pods */,
				A27E738C90F2D2D1B4A4F2A7 /* Frameworks */,
			);
			sourceTree = "<group>";
		};
		C23565AF25544FF800A58614 /* Products */ = {
			isa = PBXGroup;
			children = (
				C23565AE25544FF800A58614 /* FinanceStory.app */,
			);
			name = Products;
			sourceTree = "<group>";
		};
		C23565B025544FF800A58614 /* FinanceStory */ = {
			isa = PBXGroup;
			children = (
				C23565B125544FF800A58614 /* AppDelegate.swift */,
				C23565B325544FF800A58614 /* SceneDelegate.swift */,
				C21B9D46255823B5001DB770 /* Model */,
				C21B9D47255823BC001DB770 /* VIew */,
				C21B9D48255823C2001DB770 /* Controller */,
				C21B9D4A25582413001DB770 /* Extensions */,
				C21B9D49255823CD001DB770 /* Supporting files */,
			);
			path = FinanceStory;
			sourceTree = "<group>";
		};
/* End PBXGroup section */

/* Begin PBXNativeTarget section */
		C23565AD25544FF800A58614 /* FinanceStory */ = {
			isa = PBXNativeTarget;
			buildConfigurationList = C23565C225544FF900A58614 /* Build configuration list for PBXNativeTarget "FinanceStory" */;
			buildPhases = (
				BFDFF6C89AA0FD1C07AA7DFB /* [CP] Check Pods Manifest.lock */,
				C23565AA25544FF800A58614 /* Sources */,
				C23565AB25544FF800A58614 /* Frameworks */,
				C23565AC25544FF800A58614 /* Resources */,
				F0E500EE17B27DF5E1C32432 /* [CP] Embed Pods Frameworks */,
			);
			buildRules = (
			);
			dependencies = (
			);
			name = FinanceStory;
			productName = FinanceStory;
			productReference = C23565AE25544FF800A58614 /* FinanceStory.app */;
			productType = "com.apple.product-type.application";
		};
/* End PBXNativeTarget section */

/* Begin PBXProject section */
		C23565A625544FF800A58614 /* Project object */ = {
			isa = PBXProject;
			attributes = {
				LastSwiftUpdateCheck = 1200;
				LastUpgradeCheck = 1200;
				TargetAttributes = {
					C23565AD25544FF800A58614 = {
						CreatedOnToolsVersion = 12.0;
					};
				};
			};
			buildConfigurationList = C23565A925544FF800A58614 /* Build configuration list for PBXProject "FinanceStory" */;
			compatibilityVersion = "Xcode 9.3";
			developmentRegion = en;
			hasScannedForEncodings = 0;
			knownRegions = (
				en,
				Base,
			);
			mainGroup = C23565A525544FF800A58614;
			productRefGroup = C23565AF25544FF800A58614 /* Products */;
			projectDirPath = "";
			projectRoot = "";
			targets = (
				C23565AD25544FF800A58614 /* FinanceStory */,
			);
		};
/* End PBXProject section */

/* Begin PBXResourcesBuildPhase section */
		C23565AC25544FF800A58614 /* Resources */ = {
			isa = PBXResourcesBuildPhase;
			buildActionMask = 2147483647;
			files = (
				C23565BE25544FF900A58614 /* LaunchScreen.storyboard in Resources */,
				C23565BB25544FF900A58614 /* Assets.xcassets in Resources */,
				C23565B925544FF800A58614 /* Main.storyboard in Resources */,
			);
			runOnlyForDeploymentPostprocessing = 0;
		};
/* End PBXResourcesBuildPhase section */

/* Begin PBXShellScriptBuildPhase section */
		BFDFF6C89AA0FD1C07AA7DFB /* [CP] Check Pods Manifest.lock */ = {
			isa = PBXShellScriptBuildPhase;
			buildActionMask = 2147483647;
			files = (
			);
			inputPaths = (
				"${PODS_PODFILE_DIR_PATH}/Podfile.lock",
				"${PODS_ROOT}/Manifest.lock",
			);
			name = "[CP] Check Pods Manifest.lock";
			outputPaths = (
				"$(DERIVED_FILE_DIR)/Pods-FinanceStory-checkManifestLockResult.txt",
			);
			runOnlyForDeploymentPostprocessing = 0;
			shellPath = /bin/sh;
			shellScript = "diff \"${PODS_PODFILE_DIR_PATH}/Podfile.lock\" \"${PODS_ROOT}/Manifest.lock\" > /dev/null\nif [ $? != 0 ] ; then\n    # print error to STDERR\n    echo \"error: The sandbox is not in sync with the Podfile.lock. Run 'pod install' or update your CocoaPods installation.\" >&2\n    exit 1\nfi\n# This output is used by Xcode 'outputs' to avoid re-running this script phase.\necho \"SUCCESS\" > \"${SCRIPT_OUTPUT_FILE_0}\"\n";
			showEnvVarsInLog = 0;
		};
		F0E500EE17B27DF5E1C32432 /* [CP] Embed Pods Frameworks */ = {
			isa = PBXShellScriptBuildPhase;
			buildActionMask = 2147483647;
			files = (
			);
			inputPaths = (
				"${SRCROOT}/Pods/Target Support Files/Pods-FinanceStory/Pods-FinanceStory-frameworks.sh",
				"${BUILT_PRODUCTS_DIR}/Charts/Charts.framework",
				"${BUILT_PRODUCTS_DIR}/Realm/Realm.framework",
				"${BUILT_PRODUCTS_DIR}/RealmSwift/RealmSwift.framework",
			);
			name = "[CP] Embed Pods Frameworks";
			outputPaths = (
				"${TARGET_BUILD_DIR}/${FRAMEWORKS_FOLDER_PATH}/Charts.framework",
				"${TARGET_BUILD_DIR}/${FRAMEWORKS_FOLDER_PATH}/Realm.framework",
				"${TARGET_BUILD_DIR}/${FRAMEWORKS_FOLDER_PATH}/RealmSwift.framework",
			);
			runOnlyForDeploymentPostprocessing = 0;
			shellPath = /bin/sh;
			shellScript = "\"${SRCROOT}/Pods/Target Support Files/Pods-FinanceStory/Pods-FinanceStory-frameworks.sh\"\n";
			showEnvVarsInLog = 0;
		};
/* End PBXShellScriptBuildPhase section */

/* Begin PBXSourcesBuildPhase section */
		C23565AA25544FF800A58614 /* Sources */ = {
			isa = PBXSourcesBuildPhase;
			buildActionMask = 2147483647;
			files = (
				C274C2452558249C00B23656 /* RealmModel.swift in Sources */,
				C2AB1B052556B59D0042D582 /* MenuViewController.swift in Sources */,
				C22082D42557F8AD007A6466 /* MenuCell.swift in Sources */,
				C23565B225544FF800A58614 /* AppDelegate.swift in Sources */,
				C28CA4692558177E00ACBA7E /* NSUIColor+Hex.swift in Sources */,
				C274C2482558271100B23656 /* RealmManager.swift in Sources */,
				C23565B425544FF800A58614 /* SceneDelegate.swift in Sources */,
			);
			runOnlyForDeploymentPostprocessing = 0;
		};
/* End PBXSourcesBuildPhase section */

/* Begin PBXVariantGroup section */
		C23565B725544FF800A58614 /* Main.storyboard */ = {
			isa = PBXVariantGroup;
			children = (
				C23565B825544FF800A58614 /* Base */,
			);
			name = Main.storyboard;
			sourceTree = "<group>";
		};
		C23565BC25544FF900A58614 /* LaunchScreen.storyboard */ = {
			isa = PBXVariantGroup;
			children = (
				C23565BD25544FF900A58614 /* Base */,
			);
			name = LaunchScreen.storyboard;
			sourceTree = "<group>";
		};
/* End PBXVariantGroup section */

/* Begin XCBuildConfiguration section */
		C23565C025544FF900A58614 /* Debug */ = {
			isa = XCBuildConfiguration;
			buildSettings = {
				ALWAYS_SEARCH_USER_PATHS = NO;
				CLANG_ANALYZER_NONNULL = YES;
				CLANG_ANALYZER_NUMBER_OBJECT_CONVERSION = YES_AGGRESSIVE;
				CLANG_CXX_LANGUAGE_STANDARD = "gnu++14";
				CLANG_CXX_LIBRARY = "libc++";
				CLANG_ENABLE_MODULES = YES;
				CLANG_ENABLE_OBJC_ARC = YES;
				CLANG_ENABLE_OBJC_WEAK = YES;
				CLANG_WARN_BLOCK_CAPTURE_AUTORELEASING = YES;
				CLANG_WARN_BOOL_CONVERSION = YES;
				CLANG_WARN_COMMA = YES;
				CLANG_WARN_CONSTANT_CONVERSION = YES;
				CLANG_WARN_DEPRECATED_OBJC_IMPLEMENTATIONS = YES;
				CLANG_WARN_DIRECT_OBJC_ISA_USAGE = YES_ERROR;
				CLANG_WARN_DOCUMENTATION_COMMENTS = YES;
				CLANG_WARN_EMPTY_BODY = YES;
				CLANG_WARN_ENUM_CONVERSION = YES;
				CLANG_WARN_INFINITE_RECURSION = YES;
				CLANG_WARN_INT_CONVERSION = YES;
				CLANG_WARN_NON_LITERAL_NULL_CONVERSION = YES;
				CLANG_WARN_OBJC_IMPLICIT_RETAIN_SELF = YES;
				CLANG_WARN_OBJC_LITERAL_CONVERSION = YES;
				CLANG_WARN_OBJC_ROOT_CLASS = YES_ERROR;
				CLANG_WARN_QUOTED_INCLUDE_IN_FRAMEWORK_HEADER = YES;
				CLANG_WARN_RANGE_LOOP_ANALYSIS = YES;
				CLANG_WARN_STRICT_PROTOTYPES = YES;
				CLANG_WARN_SUSPICIOUS_MOVE = YES;
				CLANG_WARN_UNGUARDED_AVAILABILITY = YES_AGGRESSIVE;
				CLANG_WARN_UNREACHABLE_CODE = YES;
				CLANG_WARN__DUPLICATE_METHOD_MATCH = YES;
				COPY_PHASE_STRIP = NO;
				DEBUG_INFORMATION_FORMAT = dwarf;
				ENABLE_STRICT_OBJC_MSGSEND = YES;
				ENABLE_TESTABILITY = YES;
				GCC_C_LANGUAGE_STANDARD = gnu11;
				GCC_DYNAMIC_NO_PIC = NO;
				GCC_NO_COMMON_BLOCKS = YES;
				GCC_OPTIMIZATION_LEVEL = 0;
				GCC_PREPROCESSOR_DEFINITIONS = (
					"DEBUG=1",
					"$(inherited)",
				);
				GCC_WARN_64_TO_32_BIT_CONVERSION = YES;
				GCC_WARN_ABOUT_RETURN_TYPE = YES_ERROR;
				GCC_WARN_UNDECLARED_SELECTOR = YES;
				GCC_WARN_UNINITIALIZED_AUTOS = YES_AGGRESSIVE;
				GCC_WARN_UNUSED_FUNCTION = YES;
				GCC_WARN_UNUSED_VARIABLE = YES;
				IPHONEOS_DEPLOYMENT_TARGET = 14.0;
				MTL_ENABLE_DEBUG_INFO = INCLUDE_SOURCE;
				MTL_FAST_MATH = YES;
				ONLY_ACTIVE_ARCH = YES;
				SDKROOT = iphoneos;
				SWIFT_ACTIVE_COMPILATION_CONDITIONS = DEBUG;
				SWIFT_OPTIMIZATION_LEVEL = "-Onone";
			};
			name = Debug;
		};
		C23565C125544FF900A58614 /* Release */ = {
			isa = XCBuildConfiguration;
			buildSettings = {
				ALWAYS_SEARCH_USER_PATHS = NO;
				CLANG_ANALYZER_NONNULL = YES;
				CLANG_ANALYZER_NUMBER_OBJECT_CONVERSION = YES_AGGRESSIVE;
				CLANG_CXX_LANGUAGE_STANDARD = "gnu++14";
				CLANG_CXX_LIBRARY = "libc++";
				CLANG_ENABLE_MODULES = YES;
				CLANG_ENABLE_OBJC_ARC = YES;
				CLANG_ENABLE_OBJC_WEAK = YES;
				CLANG_WARN_BLOCK_CAPTURE_AUTORELEASING = YES;
				CLANG_WARN_BOOL_CONVERSION = YES;
				CLANG_WARN_COMMA = YES;
				CLANG_WARN_CONSTANT_CONVERSION = YES;
				CLANG_WARN_DEPRECATED_OBJC_IMPLEMENTATIONS = YES;
				CLANG_WARN_DIRECT_OBJC_ISA_USAGE = YES_ERROR;
				CLANG_WARN_DOCUMENTATION_COMMENTS = YES;
				CLANG_WARN_EMPTY_BODY = YES;
				CLANG_WARN_ENUM_CONVERSION = YES;
				CLANG_WARN_INFINITE_RECURSION = YES;
				CLANG_WARN_INT_CONVERSION = YES;
				CLANG_WARN_NON_LITERAL_NULL_CONVERSION = YES;
				CLANG_WARN_OBJC_IMPLICIT_RETAIN_SELF = YES;
				CLANG_WARN_OBJC_LITERAL_CONVERSION = YES;
				CLANG_WARN_OBJC_ROOT_CLASS = YES_ERROR;
				CLANG_WARN_QUOTED_INCLUDE_IN_FRAMEWORK_HEADER = YES;
				CLANG_WARN_RANGE_LOOP_ANALYSIS = YES;
				CLANG_WARN_STRICT_PROTOTYPES = YES;
				CLANG_WARN_SUSPICIOUS_MOVE = YES;
				CLANG_WARN_UNGUARDED_AVAILABILITY = YES_AGGRESSIVE;
				CLANG_WARN_UNREACHABLE_CODE = YES;
				CLANG_WARN__DUPLICATE_METHOD_MATCH = YES;
				COPY_PHASE_STRIP = NO;
				DEBUG_INFORMATION_FORMAT = "dwarf-with-dsym";
				ENABLE_NS_ASSERTIONS = NO;
				ENABLE_STRICT_OBJC_MSGSEND = YES;
				GCC_C_LANGUAGE_STANDARD = gnu11;
				GCC_NO_COMMON_BLOCKS = YES;
				GCC_WARN_64_TO_32_BIT_CONVERSION = YES;
				GCC_WARN_ABOUT_RETURN_TYPE = YES_ERROR;
				GCC_WARN_UNDECLARED_SELECTOR = YES;
				GCC_WARN_UNINITIALIZED_AUTOS = YES_AGGRESSIVE;
				GCC_WARN_UNUSED_FUNCTION = YES;
				GCC_WARN_UNUSED_VARIABLE = YES;
				IPHONEOS_DEPLOYMENT_TARGET = 14.0;
				MTL_ENABLE_DEBUG_INFO = NO;
				MTL_FAST_MATH = YES;
				SDKROOT = iphoneos;
				SWIFT_COMPILATION_MODE = wholemodule;
				SWIFT_OPTIMIZATION_LEVEL = "-O";
				VALIDATE_PRODUCT = YES;
			};
			name = Release;
		};
		C23565C325544FF900A58614 /* Debug */ = {
			isa = XCBuildConfiguration;
			baseConfigurationReference = 4B065A3BCBBC47B3E1781031 /* Pods-FinanceStory.debug.xcconfig */;
			buildSettings = {
				ASSETCATALOG_COMPILER_APPICON_NAME = AppIcon;
				ASSETCATALOG_COMPILER_GLOBAL_ACCENT_COLOR_NAME = AccentColor;
				CODE_SIGN_STYLE = Automatic;
				DEVELOPMENT_TEAM = R367V6SP7Z;
				INFOPLIST_FILE = "$(SRCROOT)/FinanceStory/Supporting files/Info.plist";
				LD_RUNPATH_SEARCH_PATHS = (
					"$(inherited)",
					"@executable_path/Frameworks",
				);
				PRODUCT_BUNDLE_IDENTIFIER = novembrz.FinanceStory;
				PRODUCT_NAME = "$(TARGET_NAME)";
				SWIFT_VERSION = 5.0;
				TARGETED_DEVICE_FAMILY = "1,2";
			};
			name = Debug;
		};
		C23565C425544FF900A58614 /* Release */ = {
			isa = XCBuildConfiguration;
			baseConfigurationReference = 0FA080F080F46829E67692EC /* Pods-FinanceStory.release.xcconfig */;
			buildSettings = {
				ASSETCATALOG_COMPILER_APPICON_NAME = AppIcon;
				ASSETCATALOG_COMPILER_GLOBAL_ACCENT_COLOR_NAME = AccentColor;
				CODE_SIGN_STYLE = Automatic;
				DEVELOPMENT_TEAM = R367V6SP7Z;
				INFOPLIST_FILE = "$(SRCROOT)/FinanceStory/Supporting files/Info.plist";
				LD_RUNPATH_SEARCH_PATHS = (
					"$(inherited)",
					"@executable_path/Frameworks",
				);
				PRODUCT_BUNDLE_IDENTIFIER = novembrz.FinanceStory;
				PRODUCT_NAME = "$(TARGET_NAME)";
				SWIFT_VERSION = 5.0;
				TARGETED_DEVICE_FAMILY = "1,2";
			};
			name = Release;
		};
/* End XCBuildConfiguration section */

/* Begin XCConfigurationList section */
		C23565A925544FF800A58614 /* Build configuration list for PBXProject "FinanceStory" */ = {
			isa = XCConfigurationList;
			buildConfigurations = (
				C23565C025544FF900A58614 /* Debug */,
				C23565C125544FF900A58614 /* Release */,
			);
			defaultConfigurationIsVisible = 0;
			defaultConfigurationName = Release;
		};
		C23565C225544FF900A58614 /* Build configuration list for PBXNativeTarget "FinanceStory" */ = {
			isa = XCConfigurationList;
			buildConfigurations = (
				C23565C325544FF900A58614 /* Debug */,
				C23565C425544FF900A58614 /* Release */,
			);
			defaultConfigurationIsVisible = 0;
			defaultConfigurationName = Release;
		};
/* End XCConfigurationList section */
	};
	rootObject = C23565A625544FF800A58614 /* Project object */;
}
